{
  "name": "react-scripts-wizard",
  "version": "2.1.1",
  "lockfileVersion": 1,
  "requires": true,
  "dependencies": {
    "aproba": {
      "version": "1.1.2",
      "resolved": "https://registry.npmjs.org/aproba/-/aproba-1.1.2.tgz",
      "integrity": "sha512-ZpYajIfO0j2cOFTO955KUMIKNmj6zhX8kVztMAxFsDaMwz+9Z9SV0uou2pC9HJqcfpffOsjnbrDMvkNy+9RXPw=="
    },
    "array-union": {
      "version": "1.0.2",
      "resolved": "http://registry.npm.taobao.org/array-union/download/array-union-1.0.2.tgz",
      "integrity": "sha1-mjRBDk9OPaI96jdb5b5w8kd47Dk=",
      "requires": {
        "array-uniq": "^1.0.1"
      }
    },
    "array-uniq": {
      "version": "1.0.3",
      "resolved": "http://registry.npm.taobao.org/array-uniq/download/array-uniq-1.0.3.tgz",
      "integrity": "sha1-r2rId6Jcx/dOBYiUdThY39sk/bY="
    },
    "arrify": {
      "version": "1.0.1",
      "resolved": "http://registry.npm.taobao.org/arrify/download/arrify-1.0.1.tgz",
      "integrity": "sha1-iYUI2iIm84DfkEcoRWhJwVAaSw0="
    },
    "ast-types": {
      "version": "0.9.6",
      "resolved": "http://registry.npm.taobao.org/ast-types/download/ast-types-0.9.6.tgz",
      "integrity": "sha1-ECyenpAF0+fjgpvwxPok7oYu6bk="
    },
    "babel-polyfill": {
      "version": "6.26.0",
      "resolved": "http://registry.npm.taobao.org/babel-polyfill/download/babel-polyfill-6.26.0.tgz",
      "integrity": "sha1-N5k3q8Z9eJWXCtxiHyhM2WbPIVM=",
      "requires": {
        "babel-runtime": "^6.26.0",
        "core-js": "^2.5.0",
        "regenerator-runtime": "^0.10.5"
      }
    },
    "babel-runtime": {
      "version": "6.26.0",
      "resolved": "http://registry.npm.taobao.org/babel-runtime/download/babel-runtime-6.26.0.tgz",
      "integrity": "sha1-llxwWGaOgrVde/4E/yM3vItWR/4=",
      "requires": {
        "core-js": "^2.4.0",
        "regenerator-runtime": "^0.11.0"
      },
      "dependencies": {
        "regenerator-runtime": {
          "version": "0.11.1",
          "resolved": "http://registry.npm.taobao.org/regenerator-runtime/download/regenerator-runtime-0.11.1.tgz",
          "integrity": "sha1-vgWtf5v30i4Fb5cmzuUBf78Z4uk="
        }
      }
    },
    "balanced-match": {
      "version": "1.0.0",
      "resolved": "https://registry.npmjs.org/balanced-match/-/balanced-match-1.0.0.tgz",
      "integrity": "sha1-ibTRmasr7kneFk6gK4nORi1xt2c="
    },
    "big.js": {
      "version": "3.2.0",
      "resolved": "http://registry.npm.taobao.org/big.js/download/big.js-3.2.0.tgz",
      "integrity": "sha1-pfwpi4G54Nyi5FiCR4S2XFK6WI4="
    },
    "bluebird": {
      "version": "3.5.3",
      "resolved": "http://registry.npm.taobao.org/bluebird/download/bluebird-3.5.3.tgz",
      "integrity": "sha1-fQHG+WFsmlGrD4xUmnnf5uwz76c="
    },
    "brace-expansion": {
      "version": "1.1.8",
      "resolved": "https://registry.npmjs.org/brace-expansion/-/brace-expansion-1.1.8.tgz",
      "integrity": "sha1-wHshHHyVLsH479Uad+8NHTmQopI=",
      "requires": {
        "balanced-match": "^1.0.0",
        "concat-map": "0.0.1"
      }
    },
    "buffer-from": {
      "version": "1.1.1",
      "resolved": "http://registry.npm.taobao.org/buffer-from/download/buffer-from-1.1.1.tgz",
      "integrity": "sha1-MnE7wCj3XAL9txDXx7zsHyxgcO8="
    },
    "cacache": {
      "version": "10.0.4",
      "resolved": "http://registry.npm.taobao.org/cacache/download/cacache-10.0.4.tgz",
      "integrity": "sha1-ZFI2eZnv+dQYiu/ZoU6dfGomNGA=",
      "requires": {
        "bluebird": "^3.5.1",
        "chownr": "^1.0.1",
        "glob": "^7.1.2",
        "graceful-fs": "^4.1.11",
        "lru-cache": "^4.1.1",
        "mississippi": "^2.0.0",
        "mkdirp": "^0.5.1",
        "move-concurrently": "^1.0.1",
        "promise-inflight": "^1.0.1",
        "rimraf": "^2.6.2",
        "ssri": "^5.2.4",
        "unique-filename": "^1.1.0",
        "y18n": "^4.0.0"
      },
      "dependencies": {
        "y18n": {
          "version": "4.0.0",
          "resolved": "http://registry.npm.taobao.org/y18n/download/y18n-4.0.0.tgz",
          "integrity": "sha1-le+U+F7MgdAHwmThkKEg8KPIVms="
        }
      }
    },
    "camel-case": {
      "version": "3.0.0",
      "resolved": "http://registry.npm.taobao.org/camel-case/download/camel-case-3.0.0.tgz",
      "integrity": "sha1-yjw2iKTpzzpM2nd9xNy8cTJJz3M=",
      "requires": {
        "no-case": "^2.2.0",
        "upper-case": "^1.1.1"
      }
    },
    "chownr": {
      "version": "1.1.1",
      "resolved": "http://registry.npm.taobao.org/chownr/download/chownr-1.1.1.tgz",
      "integrity": "sha1-VHJri4//TfBTxCGH6AH7RBLfFJQ="
    },
    "clean-css": {
      "version": "4.2.1",
      "resolved": "http://registry.npm.taobao.org/clean-css/download/clean-css-4.2.1.tgz",
      "integrity": "sha1-LUEe92uFabbQyEBo2r6FsKpeXBc=",
      "requires": {
        "source-map": "~0.6.0"
      },
      "dependencies": {
        "source-map": {
          "version": "0.6.1",
          "resolved": "http://registry.npm.taobao.org/source-map/download/source-map-0.6.1.tgz",
          "integrity": "sha1-dHIq8y6WFOnCh6jQu95IteLxomM="
        }
      }
    },
    "clone": {
      "version": "1.0.4",
      "resolved": "http://registry.npm.taobao.org/clone/download/clone-1.0.4.tgz",
      "integrity": "sha1-2jCcwmPfFZlMaIypAheco8fNfH4="
    },
    "color": {
      "version": "0.11.4",
      "resolved": "http://registry.npm.taobao.org/color/download/color-0.11.4.tgz",
      "integrity": "sha1-bXtcdPtl6EHNSHkq0e1eB7kE12Q=",
      "requires": {
        "clone": "^1.0.2",
        "color-convert": "^1.3.0",
        "color-string": "^0.3.0"
      }
    },
    "color-convert": {
      "version": "1.9.3",
      "resolved": "http://registry.npm.taobao.org/color-convert/download/color-convert-1.9.3.tgz",
      "integrity": "sha1-u3GFBpDh8TZWfeYp0tVHHe2kweg=",
      "requires": {
        "color-name": "1.1.3"
      }
    },
    "color-name": {
      "version": "1.1.3",
      "resolved": "http://registry.npm.taobao.org/color-name/download/color-name-1.1.3.tgz",
      "integrity": "sha1-p9BVi9icQveV3UIyj3QIMcpTvCU="
    },
    "color-string": {
      "version": "0.3.0",
      "resolved": "http://registry.npm.taobao.org/color-string/download/color-string-0.3.0.tgz",
      "integrity": "sha1-J9RvtnAlxcL6JZk7+/V55HhBuZE=",
      "requires": {
        "color-name": "^1.0.0"
      }
    },
    "commander": {
      "version": "2.17.1",
      "resolved": "http://registry.npm.taobao.org/commander/download/commander-2.17.1.tgz",
      "integrity": "sha1-vXerfebelCBc6sxy8XFtKfIKd78="
    },
    "commondir": {
      "version": "1.0.1",
      "resolved": "http://registry.npm.taobao.org/commondir/download/commondir-1.0.1.tgz",
      "integrity": "sha1-3dgA2gxmEnOTzKWVDqloo6rxJTs="
    },
    "concat-map": {
      "version": "0.0.1",
      "resolved": "https://registry.npmjs.org/concat-map/-/concat-map-0.0.1.tgz",
      "integrity": "sha1-2Klr13/Wjfd5OnMDajug1UBdR3s="
    },
    "concat-stream": {
      "version": "1.6.2",
      "resolved": "http://registry.npm.taobao.org/concat-stream/download/concat-stream-1.6.2.tgz",
      "integrity": "sha1-kEvfGUzTEi/Gdcd/xKw9T/D9GjQ=",
      "requires": {
        "buffer-from": "^1.0.0",
        "inherits": "^2.0.3",
        "readable-stream": "^2.2.2",
        "typedarray": "^0.0.6"
      }
    },
    "copy-concurrently": {
      "version": "1.0.5",
      "resolved": "http://registry.npm.taobao.org/copy-concurrently/download/copy-concurrently-1.0.5.tgz",
      "integrity": "sha1-kilzmMrjSTf8r9bsgTnBgFHwteA=",
      "requires": {
        "aproba": "^1.1.1",
        "fs-write-stream-atomic": "^1.0.8",
        "iferr": "^0.1.5",
        "mkdirp": "^0.5.1",
        "rimraf": "^2.5.4",
        "run-queue": "^1.0.0"
      }
    },
    "copy-webpack-plugin": {
      "version": "4.6.0",
      "resolved": "http://registry.npm.taobao.org/copy-webpack-plugin/download/copy-webpack-plugin-4.6.0.tgz",
      "integrity": "sha1-5/QN2KaEd9QF3Rt6hUquMksVi64=",
      "requires": {
        "cacache": "^10.0.4",
        "find-cache-dir": "^1.0.0",
        "globby": "^7.1.1",
        "is-glob": "^4.0.0",
        "loader-utils": "^1.1.0",
        "minimatch": "^3.0.4",
        "p-limit": "^1.0.0",
        "serialize-javascript": "^1.4.0"
      }
    },
    "core-js": {
      "version": "2.5.7",
      "resolved": "http://registry.npm.taobao.org/core-js/download/core-js-2.5.7.tgz",
      "integrity": "sha1-+XJgj/DOrWi4QaFqky0LGDeRgU4="
    },
    "core-util-is": {
      "version": "1.0.2",
      "resolved": "https://registry.npmjs.org/core-util-is/-/core-util-is-1.0.2.tgz",
      "integrity": "sha1-tf1UIgqivFq1eqtxQMlAdUUDwac="
    },
    "css-color-function": {
      "version": "1.3.3",
      "resolved": "http://registry.npm.taobao.org/css-color-function/download/css-color-function-1.3.3.tgz",
      "integrity": "sha1-jtJMLAIFBzM5+voAS8jBQfzLKC4=",
      "requires": {
        "balanced-match": "0.1.0",
        "color": "^0.11.0",
        "debug": "^3.1.0",
        "rgb": "~0.1.0"
      },
      "dependencies": {
        "balanced-match": {
          "version": "0.1.0",
          "resolved": "http://registry.npm.taobao.org/balanced-match/download/balanced-match-0.1.0.tgz",
          "integrity": "sha1-tQS9BYabOSWd0MXvw12EMXbczEo="
        }
      }
    },
    "cyclist": {
      "version": "0.2.2",
      "resolved": "http://registry.npm.taobao.org/cyclist/download/cyclist-0.2.2.tgz",
      "integrity": "sha1-GzN5LhHpFKL9bW7WRHRkRE5fpkA="
    },
    "debug": {
      "version": "3.2.6",
      "resolved": "http://registry.npm.taobao.org/debug/download/debug-3.2.6.tgz",
      "integrity": "sha1-6D0X3hbYp++3cX7b5fsQE17uYps=",
      "requires": {
        "ms": "^2.1.1"
      }
    },
    "dir-glob": {
      "version": "2.0.0",
      "resolved": "http://registry.npm.taobao.org/dir-glob/download/dir-glob-2.0.0.tgz",
      "integrity": "sha1-CyBdK2rvmCOMooZZioIE0p0KADQ=",
      "requires": {
        "arrify": "^1.0.1",
        "path-type": "^3.0.0"
      },
      "dependencies": {
        "path-type": {
          "version": "3.0.0",
          "resolved": "http://registry.npm.taobao.org/path-type/download/path-type-3.0.0.tgz",
          "integrity": "sha1-zvMdyOCho7sNEFwM2Xzzv0f0428=",
          "requires": {
            "pify": "^3.0.0"
          }
        }
      }
    },
    "dot-prop": {
      "version": "4.2.0",
      "resolved": "http://registry.npm.taobao.org/dot-prop/download/dot-prop-4.2.0.tgz",
      "integrity": "sha1-HxngwuGqDjJ5fEl5nyg3rGr2nFc=",
      "requires": {
        "is-obj": "^1.0.0"
      }
    },
    "duplexify": {
      "version": "3.6.1",
      "resolved": "http://registry.npm.taobao.org/duplexify/download/duplexify-3.6.1.tgz",
      "integrity": "sha1-saeinEq/1jlYXvrszoDWZrHjQSU=",
      "requires": {
        "end-of-stream": "^1.0.0",
        "inherits": "^2.0.1",
        "readable-stream": "^2.0.0",
        "stream-shift": "^1.0.0"
      }
    },
    "emojis-list": {
      "version": "2.1.0",
      "resolved": "http://registry.npm.taobao.org/emojis-list/download/emojis-list-2.1.0.tgz",
      "integrity": "sha1-TapNnbAPmBmIDHn6RXrlsJof04k="
    },
    "encoding": {
      "version": "0.1.12",
      "resolved": "http://registry.npm.taobao.org/encoding/download/encoding-0.1.12.tgz",
      "integrity": "sha1-U4tm8+5izRq1HsMjgp0flIDHS+s=",
      "requires": {
        "iconv-lite": "~0.4.13"
      }
    },
    "end-of-stream": {
      "version": "1.4.1",
      "resolved": "http://registry.npm.taobao.org/end-of-stream/download/end-of-stream-1.4.1.tgz",
      "integrity": "sha1-7SljTRm6ukY7bOa4CjchPqtx7EM=",
      "requires": {
        "once": "^1.4.0"
      }
    },
    "es6-templates": {
      "version": "0.2.3",
      "resolved": "http://registry.npm.taobao.org/es6-templates/download/es6-templates-0.2.3.tgz",
      "integrity": "sha1-XLmsn7He1usSOTQrgdeSu7QHjuQ=",
      "requires": {
        "recast": "~0.11.12",
        "through": "~2.3.6"
      }
    },
    "escape-string-regexp": {
      "version": "1.0.5",
      "resolved": "https://registry.npmjs.org/escape-string-regexp/-/escape-string-regexp-1.0.5.tgz",
      "integrity": "sha1-G2HAViGQqN/2rjuyzwIAyhMLhtQ="
    },
    "esprima": {
      "version": "3.1.3",
      "resolved": "http://registry.npm.taobao.org/esprima/download/esprima-3.1.3.tgz",
      "integrity": "sha1-/cpRzuYTOJXjyI1TXOSdv/YqRjM="
    },
    "fastparse": {
      "version": "1.1.2",
      "resolved": "http://registry.npm.taobao.org/fastparse/download/fastparse-1.1.2.tgz",
      "integrity": "sha1-kXKMWllC7O2FMSg8eUQe5BIsNak="
    },
    "find-cache-dir": {
      "version": "1.0.0",
      "resolved": "http://registry.npm.taobao.org/find-cache-dir/download/find-cache-dir-1.0.0.tgz",
      "integrity": "sha1-kojj6ePMN0hxfTnq3hfPcfww7m8=",
      "requires": {
        "commondir": "^1.0.1",
        "make-dir": "^1.0.0",
        "pkg-dir": "^2.0.0"
      }
    },
    "flatten": {
      "version": "1.0.2",
      "resolved": "http://registry.npm.taobao.org/flatten/download/flatten-1.0.2.tgz",
      "integrity": "sha1-2uRqnXj74lKSJYzB54CkHZXAN4I="
    },
    "flush-write-stream": {
      "version": "1.0.3",
      "resolved": "http://registry.npm.taobao.org/flush-write-stream/download/flush-write-stream-1.0.3.tgz",
      "integrity": "sha1-xdWG7zivYJdlC0m8QbVfq7GfNb0=",
      "requires": {
        "inherits": "^2.0.1",
        "readable-stream": "^2.0.4"
      }
    },
    "from2": {
      "version": "2.3.0",
      "resolved": "http://registry.npm.taobao.org/from2/download/from2-2.3.0.tgz",
      "integrity": "sha1-i/tVAr3kpNNs/e6gB/zKIdfjgq8=",
      "requires": {
        "inherits": "^2.0.1",
        "readable-stream": "^2.0.0"
      }
    },
    "fs-write-stream-atomic": {
      "version": "1.0.10",
      "resolved": "http://registry.npm.taobao.org/fs-write-stream-atomic/download/fs-write-stream-atomic-1.0.10.tgz",
      "integrity": "sha1-tH31NJPvkR33VzHnCp3tAYnbQMk=",
      "requires": {
        "graceful-fs": "^4.1.2",
        "iferr": "^0.1.5",
        "imurmurhash": "^0.1.4",
        "readable-stream": "1 || 2"
      }
    },
    "fs.realpath": {
      "version": "1.0.0",
      "resolved": "https://registry.npmjs.org/fs.realpath/-/fs.realpath-1.0.0.tgz",
      "integrity": "sha1-FQStJSMVjKpA20onh8sBQRmU6k8="
    },
    "gettext-parser": {
      "version": "2.0.0",
      "resolved": "http://registry.npm.taobao.org/gettext-parser/download/gettext-parser-2.0.0.tgz",
      "integrity": "sha1-wouzHmH3bxRmXfr7tcBRjNwScO0=",
      "requires": {
        "encoding": "^0.1.12",
        "safe-buffer": "^5.1.2"
      },
      "dependencies": {
        "safe-buffer": {
          "version": "5.1.2",
          "resolved": "http://registry.npm.taobao.org/safe-buffer/download/safe-buffer-5.1.2.tgz",
          "integrity": "sha1-mR7GnSluAxN0fVm9/St0XDX4go0="
        }
      }
    },
    "gettext-to-messageformat": {
      "version": "0.3.0",
      "resolved": "http://registry.npm.taobao.org/gettext-to-messageformat/download/gettext-to-messageformat-0.3.0.tgz",
      "integrity": "sha1-a5+eL1VIJaA0Y85mabu5TEL8QCM=",
      "requires": {
        "gettext-parser": "^1.3.0"
      },
      "dependencies": {
        "gettext-parser": {
          "version": "1.4.0",
          "resolved": "http://registry.npm.taobao.org/gettext-parser/download/gettext-parser-1.4.0.tgz",
          "integrity": "sha1-+LrzSikvA9XkLwLfCZ0wHxZ6es4=",
          "requires": {
            "encoding": "^0.1.12",
            "safe-buffer": "^5.1.1"
          }
        }
      }
    },
    "glob": {
      "version": "7.1.2",
      "resolved": "https://registry.npmjs.org/glob/-/glob-7.1.2.tgz",
      "integrity": "sha512-MJTUg1kjuLeQCJ+ccE4Vpa6kKVXkPYJ2mOCQyUuKLcLQsdrMCpBPUi8qVE6+YuaJkozeA9NusTAw3hLr8Xe5EQ==",
      "requires": {
        "fs.realpath": "^1.0.0",
        "inflight": "^1.0.4",
        "inherits": "2",
        "minimatch": "^3.0.4",
        "once": "^1.3.0",
        "path-is-absolute": "^1.0.0"
      }
    },
    "globby": {
      "version": "7.1.1",
      "resolved": "http://registry.npm.taobao.org/globby/download/globby-7.1.1.tgz",
      "integrity": "sha1-+yzP+UAfhgCUXfral0QMypcrhoA=",
      "requires": {
        "array-union": "^1.0.1",
        "dir-glob": "^2.0.0",
        "glob": "^7.1.2",
        "ignore": "^3.3.5",
        "pify": "^3.0.0",
        "slash": "^1.0.0"
      }
    },
    "graceful-fs": {
      "version": "4.1.11",
      "resolved": "https://registry.npmjs.org/graceful-fs/-/graceful-fs-4.1.11.tgz",
      "integrity": "sha1-Dovf5NHduIVNZOBOp8AOKgJuVlg="
    },
    "has-flag": {
      "version": "3.0.0",
      "resolved": "http://registry.npm.taobao.org/has-flag/download/has-flag-3.0.0.tgz",
      "integrity": "sha1-tdRU3CGZriJWmfNGfloH87lVuv0="
    },
    "he": {
      "version": "1.2.0",
      "resolved": "http://registry.npm.taobao.org/he/download/he-1.2.0.tgz",
      "integrity": "sha1-hK5l+n6vsWX922FWauFLrwVmTw8="
    },
    "html-loader": {
      "version": "0.5.5",
      "resolved": "http://registry.npm.taobao.org/html-loader/download/html-loader-0.5.5.tgz",
      "integrity": "sha1-Y1bb6wxJdW2OvVyjJ/Fv8Gq1+uo=",
      "requires": {
        "es6-templates": "^0.2.3",
        "fastparse": "^1.1.1",
        "html-minifier": "^3.5.8",
        "loader-utils": "^1.1.0",
        "object-assign": "^4.1.1"
      }
    },
    "html-minifier": {
      "version": "3.5.21",
      "resolved": "http://registry.npm.taobao.org/html-minifier/download/html-minifier-3.5.21.tgz",
      "integrity": "sha1-0AQOBUcw41TbAIRjWTGUAVIS0gw=",
      "requires": {
        "camel-case": "3.0.x",
        "clean-css": "4.2.x",
        "commander": "2.17.x",
        "he": "1.2.x",
        "param-case": "2.1.x",
        "relateurl": "0.2.x",
        "uglify-js": "3.4.x"
      }
    },
    "iconv-lite": {
      "version": "0.4.24",
      "resolved": "http://registry.npm.taobao.org/iconv-lite/download/iconv-lite-0.4.24.tgz",
      "integrity": "sha1-ICK0sl+93CHS9SSXSkdKr+czkIs=",
      "requires": {
        "safer-buffer": ">= 2.1.2 < 3"
      }
    },
    "iferr": {
      "version": "0.1.5",
      "resolved": "http://registry.npm.taobao.org/iferr/download/iferr-0.1.5.tgz",
      "integrity": "sha1-xg7taebY/bazEEofy8ocGS3FtQE="
    },
    "ignore": {
      "version": "3.3.10",
      "resolved": "http://registry.npm.taobao.org/ignore/download/ignore-3.3.10.tgz",
      "integrity": "sha1-Cpf7h2mG6AgcYxFg+PnziRV/AEM="
    },
    "imurmurhash": {
      "version": "0.1.4",
      "resolved": "http://registry.npm.taobao.org/imurmurhash/download/imurmurhash-0.1.4.tgz",
      "integrity": "sha1-khi5srkoojixPcT7a21XbyMUU+o="
    },
    "indexes-of": {
      "version": "1.0.1",
      "resolved": "http://registry.npm.taobao.org/indexes-of/download/indexes-of-1.0.1.tgz",
      "integrity": "sha1-8w9xbI4r00bHtn0985FVZqfAVgc="
    },
    "inflight": {
      "version": "1.0.6",
      "resolved": "https://registry.npmjs.org/inflight/-/inflight-1.0.6.tgz",
      "integrity": "sha1-Sb1jMdfQLQwJvJEKEHW6gWW1bfk=",
      "requires": {
        "once": "^1.3.0",
        "wrappy": "1"
      }
    },
    "inherits": {
      "version": "2.0.3",
      "resolved": "https://registry.npmjs.org/inherits/-/inherits-2.0.3.tgz",
      "integrity": "sha1-Yzwsg+PaQqUC9SRmAiSA9CCCYd4="
    },
    "is-extglob": {
      "version": "2.1.1",
      "resolved": "http://registry.npm.taobao.org/is-extglob/download/is-extglob-2.1.1.tgz",
      "integrity": "sha1-qIwCU1eR8C7TfHahueqXc8gz+MI="
    },
    "is-glob": {
      "version": "4.0.0",
      "resolved": "http://registry.npm.taobao.org/is-glob/download/is-glob-4.0.0.tgz",
      "integrity": "sha1-lSHHaEXMJhCoUgPd8ICpWML/q8A=",
      "requires": {
        "is-extglob": "^2.1.1"
      }
    },
    "is-obj": {
      "version": "1.0.1",
      "resolved": "http://registry.npm.taobao.org/is-obj/download/is-obj-1.0.1.tgz",
      "integrity": "sha1-PkcprB9f3gJc19g6iW2rn09n2w8="
    },
    "isarray": {
      "version": "1.0.0",
      "resolved": "https://registry.npmjs.org/isarray/-/isarray-1.0.0.tgz",
      "integrity": "sha1-u5NdSFgsuhaMBoNJV6VKPgcSTxE="
    },
    "json-loader": {
      "version": "0.5.7",
      "resolved": "http://registry.npm.taobao.org/json-loader/download/json-loader-0.5.7.tgz",
      "integrity": "sha1-3KFKcCNf+C8KyaOr62DTN6NlGF0="
    },
    "json5": {
      "version": "0.5.1",
      "resolved": "http://registry.npm.taobao.org/json5/download/json5-0.5.1.tgz",
      "integrity": "sha1-Hq3nrMASA0rYTiOWdn6tn6VJWCE="
    },
    "loader-utils": {
      "version": "1.1.0",
      "resolved": "http://registry.npm.taobao.org/loader-utils/download/loader-utils-1.1.0.tgz",
      "integrity": "sha1-yYrvSIvM7aL/teLeZG1qdUQp9c0=",
      "requires": {
        "big.js": "^3.1.3",
        "emojis-list": "^2.0.0",
        "json5": "^0.5.0"
      }
    },
    "locate-path": {
      "version": "2.0.0",
      "resolved": "http://registry.npm.taobao.org/locate-path/download/locate-path-2.0.0.tgz",
      "integrity": "sha1-K1aLJl7slExtnA3pw9u7ygNUzY4=",
      "requires": {
        "p-locate": "^2.0.0",
        "path-exists": "^3.0.0"
      },
      "dependencies": {
        "path-exists": {
          "version": "3.0.0",
          "resolved": "http://registry.npm.taobao.org/path-exists/download/path-exists-3.0.0.tgz",
          "integrity": "sha1-zg6+ql94yxiSXqfYENe1mwEP1RU="
        }
      }
    },
    "lower-case": {
      "version": "1.1.4",
      "resolved": "http://registry.npm.taobao.org/lower-case/download/lower-case-1.1.4.tgz",
      "integrity": "sha1-miyr0bno4K6ZOkv31YdcOcQujqw="
    },
    "lru-cache": {
      "version": "4.1.1",
      "resolved": "https://registry.npmjs.org/lru-cache/-/lru-cache-4.1.1.tgz",
      "integrity": "sha512-q4spe4KTfsAS1SUHLO0wz8Qiyf1+vMIAgpRYioFYDMNqKfHQbg+AVDH3i4fvpl71/P1L0dBl+fQi+P37UYf0ew==",
      "requires": {
        "pseudomap": "^1.0.2",
        "yallist": "^2.1.2"
      }
    },
    "make-dir": {
      "version": "1.3.0",
      "resolved": "http://registry.npm.taobao.org/make-dir/download/make-dir-1.3.0.tgz",
      "integrity": "sha1-ecEDO4BRW9bSTsmTPoYMp17ifww=",
      "requires": {
        "pify": "^3.0.0"
      }
    },
    "minimatch": {
      "version": "3.0.4",
      "resolved": "https://registry.npmjs.org/minimatch/-/minimatch-3.0.4.tgz",
      "integrity": "sha512-yJHVQEhyqPLUTgt9B83PXu6W3rx4MvvHvSUvToogpwoGDOUQ+yDrR0HRot+yOCdCO7u4hX3pWft6kWBBcqh0UA==",
      "requires": {
        "brace-expansion": "^1.1.7"
      }
    },
    "mississippi": {
      "version": "2.0.0",
      "resolved": "http://registry.npm.taobao.org/mississippi/download/mississippi-2.0.0.tgz",
      "integrity": "sha1-NEKlCPr8KFAEhv7qmUCWduTuWm8=",
      "requires": {
        "concat-stream": "^1.5.0",
        "duplexify": "^3.4.2",
        "end-of-stream": "^1.1.0",
        "flush-write-stream": "^1.0.0",
        "from2": "^2.1.0",
        "parallel-transform": "^1.1.0",
        "pump": "^2.0.1",
        "pumpify": "^1.3.3",
        "stream-each": "^1.1.0",
        "through2": "^2.0.0"
      }
    },
    "mkdirp": {
      "version": "0.5.1",
      "resolved": "https://registry.npmjs.org/mkdirp/-/mkdirp-0.5.1.tgz",
      "integrity": "sha1-MAV0OOrGz3+MR2fzhkjWaX11yQM=",
      "requires": {
        "minimist": "0.0.8"
      },
      "dependencies": {
        "minimist": {
          "version": "0.0.8",
          "resolved": "https://registry.npmjs.org/minimist/-/minimist-0.0.8.tgz",
          "integrity": "sha1-hX/Kv8M5fSYluCKCYuhqp6ARsF0="
        }
      }
    },
    "move-concurrently": {
      "version": "1.0.1",
      "resolved": "http://registry.npm.taobao.org/move-concurrently/download/move-concurrently-1.0.1.tgz",
      "integrity": "sha1-viwAX9oy4LKa8fBdfEszIUxwH5I=",
      "requires": {
        "aproba": "^1.1.1",
        "copy-concurrently": "^1.0.0",
        "fs-write-stream-atomic": "^1.0.8",
        "mkdirp": "^0.5.1",
        "rimraf": "^2.5.4",
        "run-queue": "^1.0.3"
      }
    },
    "ms": {
      "version": "2.1.1",
      "resolved": "http://registry.npm.taobao.org/ms/download/ms-2.1.1.tgz",
      "integrity": "sha1-MKWGTrPrsKZvLr5tcnrwagnYbgo="
    },
    "no-case": {
      "version": "2.3.2",
      "resolved": "http://registry.npm.taobao.org/no-case/download/no-case-2.3.2.tgz",
      "integrity": "sha1-YLgTOWvjmz8SiKTB7V0efSi0ZKw=",
      "requires": {
        "lower-case": "^1.1.1"
      }
    },
    "object-assign": {
      "version": "4.1.1",
      "resolved": "http://registry.npm.taobao.org/object-assign/download/object-assign-4.1.1.tgz",
      "integrity": "sha1-IQmtx5ZYh8/AXLvUQsrIv7s2CGM="
    },
    "once": {
      "version": "1.4.0",
      "resolved": "https://registry.npmjs.org/once/-/once-1.4.0.tgz",
      "integrity": "sha1-WDsap3WWHUsROsF9nFC6753Xa9E=",
      "requires": {
        "wrappy": "1"
      }
    },
    "p-limit": {
      "version": "1.3.0",
      "resolved": "http://registry.npm.taobao.org/p-limit/download/p-limit-1.3.0.tgz",
      "integrity": "sha1-uGvV8MJWkJEcdZD8v8IBDVSzzLg=",
      "requires": {
        "p-try": "^1.0.0"
      }
    },
    "p-locate": {
      "version": "2.0.0",
      "resolved": "http://registry.npm.taobao.org/p-locate/download/p-locate-2.0.0.tgz",
      "integrity": "sha1-IKAQOyIqcMj9OcwuWAaA893l7EM=",
      "requires": {
        "p-limit": "^1.1.0"
      }
    },
    "p-try": {
      "version": "1.0.0",
      "resolved": "http://registry.npm.taobao.org/p-try/download/p-try-1.0.0.tgz",
      "integrity": "sha1-y8ec26+P1CKOE/Yh8rGiN8GyB7M="
    },
    "parallel-transform": {
      "version": "1.1.0",
      "resolved": "http://registry.npm.taobao.org/parallel-transform/download/parallel-transform-1.1.0.tgz",
      "integrity": "sha1-1BDwZbBdojCB/NEPKIVMKb2jOwY=",
      "requires": {
        "cyclist": "~0.2.2",
        "inherits": "^2.0.3",
        "readable-stream": "^2.1.5"
      }
    },
    "param-case": {
      "version": "2.1.1",
      "resolved": "http://registry.npm.taobao.org/param-case/download/param-case-2.1.1.tgz",
      "integrity": "sha1-35T9jPZTHs915r75oIWPvHK+Ikc=",
      "requires": {
        "no-case": "^2.2.0"
      }
    },
    "path-is-absolute": {
      "version": "1.0.1",
      "resolved": "https://registry.npmjs.org/path-is-absolute/-/path-is-absolute-1.0.1.tgz",
      "integrity": "sha1-F0uSaHNVNP+8es5r9TpanhtcX18="
    },
    "path-parse": {
      "version": "1.0.6",
      "resolved": "http://registry.npm.taobao.org/path-parse/download/path-parse-1.0.6.tgz",
      "integrity": "sha1-1i27VnlAXXLEc37FhgDp3c8G0kw="
    },
    "pify": {
      "version": "3.0.0",
      "resolved": "https://registry.npmjs.org/pify/-/pify-3.0.0.tgz",
      "integrity": "sha1-5aSs0sEB/fPZpNB/DbxNtJ3SgXY="
    },
    "pkg-dir": {
      "version": "2.0.0",
      "resolved": "http://registry.npm.taobao.org/pkg-dir/download/pkg-dir-2.0.0.tgz",
      "integrity": "sha1-9tXREJ4Z1j7fQo4L1X4Sd3YVM0s=",
      "requires": {
        "find-up": "^2.1.0"
      },
      "dependencies": {
        "find-up": {
          "version": "2.1.0",
          "resolved": "http://registry.npm.taobao.org/find-up/download/find-up-2.1.0.tgz",
          "integrity": "sha1-RdG35QbHF93UgndaK3eSCjwMV6c=",
          "requires": {
            "locate-path": "^2.0.0"
          }
        }
      }
    },
    "po-loader": {
      "version": "0.4.2",
      "resolved": "http://registry.npm.taobao.org/po-loader/download/po-loader-0.4.2.tgz",
      "integrity": "sha1-OZAx72NR5TDj+YJ3R1LyU5t44sQ=",
      "requires": {
        "loader-utils": "^1.1.0"
      }
    },
    "po2json": {
      "version": "1.0.0-alpha",
      "resolved": "http://registry.npm.taobao.org/po2json/download/po2json-1.0.0-alpha.tgz",
      "integrity": "sha1-dcL5hztnfrTNvTXyDS0CnaOcHsU=",
      "requires": {
        "commander": "^2.18.0",
        "gettext-parser": "2.0.0",
        "gettext-to-messageformat": "^0.3.0"
      },
      "dependencies": {
        "commander": {
          "version": "2.19.0",
          "resolved": "http://registry.npm.taobao.org/commander/download/commander-2.19.0.tgz",
          "integrity": "sha1-9hmKqE5bg8RgVLlN3tv+1e6f8So="
        }
      }
    },
    "postcss": {
      "version": "6.0.23",
      "resolved": "http://registry.npm.taobao.org/postcss/download/postcss-6.0.23.tgz",
      "integrity": "sha1-YcgswyisYOZ3ZF+XkFTrmLwOMyQ=",
      "requires": {
        "chalk": "^2.4.1",
        "source-map": "^0.6.1",
        "supports-color": "^5.4.0"
      },
      "dependencies": {
        "ansi-styles": {
          "version": "3.2.1",
          "resolved": "http://registry.npm.taobao.org/ansi-styles/download/ansi-styles-3.2.1.tgz",
          "integrity": "sha1-QfuyAkPlCxK+DwS43tvwdSDOhB0=",
          "requires": {
            "color-convert": "^1.9.0"
          }
        },
        "chalk": {
          "version": "2.4.1",
          "resolved": "http://registry.npm.taobao.org/chalk/download/chalk-2.4.1.tgz",
          "integrity": "sha1-GMSasWoDe26wFSzIPjRxM4IVtm4=",
          "requires": {
            "ansi-styles": "^3.2.1",
            "escape-string-regexp": "^1.0.5",
            "supports-color": "^5.3.0"
          }
        },
        "source-map": {
          "version": "0.6.1",
          "resolved": "http://registry.npm.taobao.org/source-map/download/source-map-0.6.1.tgz",
          "integrity": "sha1-dHIq8y6WFOnCh6jQu95IteLxomM="
        },
        "supports-color": {
          "version": "5.5.0",
          "resolved": "http://registry.npm.taobao.org/supports-color/download/supports-color-5.5.0.tgz",
          "integrity": "sha1-4uaaRKyHcveKHsCzW2id9lMO/I8=",
          "requires": {
            "has-flag": "^3.0.0"
          }
        }
      }
    },
    "postcss-color-function": {
      "version": "4.0.1",
      "resolved": "http://registry.npm.taobao.org/postcss-color-function/download/postcss-color-function-4.0.1.tgz",
      "integrity": "sha1-QCs/LOvD9pR+YY+2vjZU++zvZEQ=",
      "requires": {
        "css-color-function": "~1.3.3",
        "postcss": "^6.0.1",
        "postcss-message-helpers": "^2.0.0",
        "postcss-value-parser": "^3.3.0"
      }
    },
    "postcss-custom-properties": {
      "version": "8.0.9",
      "resolved": "http://registry.npm.taobao.org/postcss-custom-properties/download/postcss-custom-properties-8.0.9.tgz",
      "integrity": "sha1-iUOHBSim6uTI6NKFtszJ/R+X5pw=",
      "requires": {
        "postcss": "^7.0.5",
        "postcss-values-parser": "^2.0.0"
      },
      "dependencies": {
        "ansi-styles": {
          "version": "3.2.1",
          "resolved": "http://registry.npm.taobao.org/ansi-styles/download/ansi-styles-3.2.1.tgz",
          "integrity": "sha1-QfuyAkPlCxK+DwS43tvwdSDOhB0=",
          "requires": {
            "color-convert": "^1.9.0"
          }
        },
        "chalk": {
          "version": "2.4.1",
          "resolved": "http://registry.npm.taobao.org/chalk/download/chalk-2.4.1.tgz",
          "integrity": "sha1-GMSasWoDe26wFSzIPjRxM4IVtm4=",
          "requires": {
            "ansi-styles": "^3.2.1",
            "escape-string-regexp": "^1.0.5",
            "supports-color": "^5.3.0"
          }
        },
        "postcss": {
          "version": "7.0.5",
          "resolved": "http://registry.npm.taobao.org/postcss/download/postcss-7.0.5.tgz",
          "integrity": "sha1-cOZEPjam1SCw/U51k/zKNjXun1U=",
          "requires": {
            "chalk": "^2.4.1",
            "source-map": "^0.6.1",
            "supports-color": "^5.5.0"
          }
        },
        "source-map": {
          "version": "0.6.1",
          "resolved": "http://registry.npm.taobao.org/source-map/download/source-map-0.6.1.tgz",
          "integrity": "sha1-dHIq8y6WFOnCh6jQu95IteLxomM="
        },
        "supports-color": {
          "version": "5.5.0",
          "resolved": "http://registry.npm.taobao.org/supports-color/download/supports-color-5.5.0.tgz",
          "integrity": "sha1-4uaaRKyHcveKHsCzW2id9lMO/I8=",
          "requires": {
            "has-flag": "^3.0.0"
          }
        }
      }
    },
    "postcss-import": {
      "version": "12.0.1",
      "resolved": "http://registry.npm.taobao.org/postcss-import/download/postcss-import-12.0.1.tgz",
      "integrity": "sha1-z4x6sLXMq1ZJAkU25WX4QZKLcVM=",
      "requires": {
        "postcss": "^7.0.1",
        "postcss-value-parser": "^3.2.3",
        "read-cache": "^1.0.0",
        "resolve": "^1.1.7"
      },
      "dependencies": {
        "ansi-styles": {
          "version": "3.2.1",
          "resolved": "http://registry.npm.taobao.org/ansi-styles/download/ansi-styles-3.2.1.tgz",
          "integrity": "sha1-QfuyAkPlCxK+DwS43tvwdSDOhB0=",
          "requires": {
            "color-convert": "^1.9.0"
          }
        },
        "chalk": {
          "version": "2.4.1",
          "resolved": "http://registry.npm.taobao.org/chalk/download/chalk-2.4.1.tgz",
          "integrity": "sha1-GMSasWoDe26wFSzIPjRxM4IVtm4=",
          "requires": {
            "ansi-styles": "^3.2.1",
            "escape-string-regexp": "^1.0.5",
            "supports-color": "^5.3.0"
          }
        },
        "postcss": {
          "version": "7.0.5",
          "resolved": "http://registry.npm.taobao.org/postcss/download/postcss-7.0.5.tgz",
          "integrity": "sha1-cOZEPjam1SCw/U51k/zKNjXun1U=",
          "requires": {
            "chalk": "^2.4.1",
            "source-map": "^0.6.1",
            "supports-color": "^5.5.0"
          }
        },
        "resolve": {
          "version": "1.8.1",
          "resolved": "http://registry.npm.taobao.org/resolve/download/resolve-1.8.1.tgz",
          "integrity": "sha1-gvHsGaQjrB+9CAsLqwa6NuhKeiY=",
          "requires": {
            "path-parse": "^1.0.5"
          }
        },
        "source-map": {
          "version": "0.6.1",
          "resolved": "http://registry.npm.taobao.org/source-map/download/source-map-0.6.1.tgz",
          "integrity": "sha1-dHIq8y6WFOnCh6jQu95IteLxomM="
        },
        "supports-color": {
          "version": "5.5.0",
          "resolved": "http://registry.npm.taobao.org/supports-color/download/supports-color-5.5.0.tgz",
          "integrity": "sha1-4uaaRKyHcveKHsCzW2id9lMO/I8=",
          "requires": {
            "has-flag": "^3.0.0"
          }
        }
      }
    },
    "postcss-message-helpers": {
      "version": "2.0.0",
      "resolved": "http://registry.npm.taobao.org/postcss-message-helpers/download/postcss-message-helpers-2.0.0.tgz",
      "integrity": "sha1-pPL0+rbk/gAvCu0ABHjN9S+bpg4="
    },
    "postcss-nested": {
      "version": "4.1.0",
      "resolved": "http://registry.npm.taobao.org/postcss-nested/download/postcss-nested-4.1.0.tgz",
      "integrity": "sha1-Jx2ooEfy7jeBOUEK4kALHGfQvzA=",
      "requires": {
        "postcss": "^7.0.2",
        "postcss-selector-parser": "^3.1.1"
      },
      "dependencies": {
        "ansi-styles": {
          "version": "3.2.1",
          "resolved": "http://registry.npm.taobao.org/ansi-styles/download/ansi-styles-3.2.1.tgz",
          "integrity": "sha1-QfuyAkPlCxK+DwS43tvwdSDOhB0=",
          "requires": {
            "color-convert": "^1.9.0"
          }
        },
        "chalk": {
          "version": "2.4.1",
          "resolved": "http://registry.npm.taobao.org/chalk/download/chalk-2.4.1.tgz",
          "integrity": "sha1-GMSasWoDe26wFSzIPjRxM4IVtm4=",
          "requires": {
            "ansi-styles": "^3.2.1",
            "escape-string-regexp": "^1.0.5",
            "supports-color": "^5.3.0"
          }
        },
        "postcss": {
          "version": "7.0.5",
          "resolved": "http://registry.npm.taobao.org/postcss/download/postcss-7.0.5.tgz",
          "integrity": "sha1-cOZEPjam1SCw/U51k/zKNjXun1U=",
          "requires": {
            "chalk": "^2.4.1",
            "source-map": "^0.6.1",
            "supports-color": "^5.5.0"
          }
        },
        "source-map": {
          "version": "0.6.1",
          "resolved": "http://registry.npm.taobao.org/source-map/download/source-map-0.6.1.tgz",
          "integrity": "sha1-dHIq8y6WFOnCh6jQu95IteLxomM="
        },
        "supports-color": {
          "version": "5.5.0",
          "resolved": "http://registry.npm.taobao.org/supports-color/download/supports-color-5.5.0.tgz",
          "integrity": "sha1-4uaaRKyHcveKHsCzW2id9lMO/I8=",
          "requires": {
            "has-flag": "^3.0.0"
          }
        }
      }
    },
    "postcss-selector-parser": {
      "version": "3.1.1",
      "resolved": "http://registry.npm.taobao.org/postcss-selector-parser/download/postcss-selector-parser-3.1.1.tgz",
      "integrity": "sha1-T4dfSvsMllc9XPTXQBGu4lCn6GU=",
      "requires": {
        "dot-prop": "^4.1.1",
        "indexes-of": "^1.0.1",
        "uniq": "^1.0.1"
      }
    },
    "postcss-value-parser": {
      "version": "3.3.1",
      "resolved": "http://registry.npm.taobao.org/postcss-value-parser/download/postcss-value-parser-3.3.1.tgz",
      "integrity": "sha1-n/giVH4okyE88cMO+lGsX9G6goE="
    },
    "postcss-values-parser": {
      "version": "2.0.0",
      "resolved": "http://registry.npm.taobao.org/postcss-values-parser/download/postcss-values-parser-2.0.0.tgz",
      "integrity": "sha1-G6QsrjE2fET5ZyHLXrmUYr+zlwU=",
      "requires": {
        "flatten": "^1.0.2",
        "indexes-of": "^1.0.1",
        "uniq": "^1.0.1"
      }
    },
    "private": {
      "version": "0.1.8",
      "resolved": "http://registry.npm.taobao.org/private/download/private-0.1.8.tgz",
      "integrity": "sha1-I4Hts2ifelPWUxkAYPz4ItLzaP8="
    },
    "process-nextick-args": {
      "version": "1.0.7",
      "resolved": "https://registry.npmjs.org/process-nextick-args/-/process-nextick-args-1.0.7.tgz",
      "integrity": "sha1-FQ4gt1ZZCtP5EJPyWk8q2L/zC6M="
    },
    "promise-inflight": {
      "version": "1.0.1",
      "resolved": "http://registry.npm.taobao.org/promise-inflight/download/promise-inflight-1.0.1.tgz",
      "integrity": "sha1-mEcocL8igTL8vdhoEputEsPAKeM="
    },
    "pseudomap": {
      "version": "1.0.2",
      "resolved": "https://registry.npmjs.org/pseudomap/-/pseudomap-1.0.2.tgz",
      "integrity": "sha1-8FKijacOYYkX7wqKw0wa5aaChrM="
    },
    "pump": {
      "version": "2.0.1",
      "resolved": "http://registry.npm.taobao.org/pump/download/pump-2.0.1.tgz",
      "integrity": "sha1-Ejma3W5M91Jtlzy8i1zi4pCLOQk=",
      "requires": {
        "end-of-stream": "^1.1.0",
        "once": "^1.3.1"
      }
    },
    "pumpify": {
      "version": "1.5.1",
      "resolved": "http://registry.npm.taobao.org/pumpify/download/pumpify-1.5.1.tgz",
      "integrity": "sha1-NlE74karJ1cLGjdKXOJ4v9dDcM4=",
      "requires": {
        "duplexify": "^3.6.0",
        "inherits": "^2.0.3",
        "pump": "^2.0.0"
      }
    },
    "read-cache": {
      "version": "1.0.0",
      "resolved": "http://registry.npm.taobao.org/read-cache/download/read-cache-1.0.0.tgz",
      "integrity": "sha1-5mTvMRYRZsl1HNvo28+GtftY93Q=",
      "requires": {
        "pify": "^2.3.0"
      },
      "dependencies": {
        "pify": {
          "version": "2.3.0",
          "resolved": "http://registry.npm.taobao.org/pify/download/pify-2.3.0.tgz",
          "integrity": "sha1-7RQaasBDqEnqWISY59yosVMw6Qw="
        }
      }
    },
    "readable-stream": {
      "version": "2.3.3",
      "resolved": "https://registry.npmjs.org/readable-stream/-/readable-stream-2.3.3.tgz",
      "integrity": "sha512-m+qzzcn7KUxEmd1gMbchF+Y2eIUbieUaxkWtptyHywrX0rE8QEYqPC07Vuy4Wm32/xE16NcdBctb8S0Xe/5IeQ==",
      "requires": {
        "core-util-is": "~1.0.0",
        "inherits": "~2.0.3",
        "isarray": "~1.0.0",
        "process-nextick-args": "~1.0.6",
        "safe-buffer": "~5.1.1",
        "string_decoder": "~1.0.3",
        "util-deprecate": "~1.0.1"
      }
    },
    "recast": {
      "version": "0.11.23",
      "resolved": "http://registry.npm.taobao.org/recast/download/recast-0.11.23.tgz",
      "integrity": "sha1-RR/TAEqx5N+bTktmN2sqIZEkYtM=",
      "requires": {
        "ast-types": "0.9.6",
        "esprima": "~3.1.0",
        "private": "~0.1.5",
        "source-map": "~0.5.0"
      }
    },
    "regenerator-runtime": {
      "version": "0.10.5",
      "resolved": "http://registry.npm.taobao.org/regenerator-runtime/download/regenerator-runtime-0.10.5.tgz",
      "integrity": "sha1-M2w+/BIgrc7dosn6tntaeVWjNlg="
    },
    "relateurl": {
      "version": "0.2.7",
      "resolved": "http://registry.npm.taobao.org/relateurl/download/relateurl-0.2.7.tgz",
      "integrity": "sha1-VNvzd+UUQKypCkzSdGANP/LYiKk="
    },
    "rgb": {
      "version": "0.1.0",
      "resolved": "http://registry.npm.taobao.org/rgb/download/rgb-0.1.0.tgz",
      "integrity": "sha1-vieykej+/+rBvZlylyG/pA/AN7U="
    },
    "rimraf": {
      "version": "2.6.2",
      "resolved": "https://registry.npmjs.org/rimraf/-/rimraf-2.6.2.tgz",
      "integrity": "sha512-lreewLK/BlghmxtfH36YYVg1i8IAce4TI7oao75I1g245+6BctqTVQiBP3YUJ9C6DQOXJmkYR9X9fCLtCOJc5w==",
      "requires": {
        "glob": "^7.0.5"
      }
    },
    "run-queue": {
      "version": "1.0.3",
      "resolved": "http://registry.npm.taobao.org/run-queue/download/run-queue-1.0.3.tgz",
      "integrity": "sha1-6Eg5bwV9Ij8kOGkkYY4laUFh7Ec=",
      "requires": {
        "aproba": "^1.1.1"
      }
    },
    "safe-buffer": {
      "version": "5.1.1",
      "resolved": "https://registry.npmjs.org/safe-buffer/-/safe-buffer-5.1.1.tgz",
      "integrity": "sha512-kKvNJn6Mm93gAczWVJg7wH+wGYWNrDHdWvpUmHyEsgCtIwwo3bqPtV4tR5tuPaUhTOo/kvhVwd8XwwOllGYkbg=="
    },
    "safer-buffer": {
      "version": "2.1.2",
      "resolved": "http://registry.npm.taobao.org/safer-buffer/download/safer-buffer-2.1.2.tgz",
      "integrity": "sha1-RPoWGwGHuVSd2Eu5GAL5vYOFzWo="
    },
    "serialize-javascript": {
      "version": "1.5.0",
      "resolved": "http://registry.npm.taobao.org/serialize-javascript/download/serialize-javascript-1.5.0.tgz",
      "integrity": "sha1-GqM2FiyIqJDdrVOEuuvJOmVRYf4="
    },
    "slash": {
      "version": "1.0.0",
      "resolved": "http://registry.npm.taobao.org/slash/download/slash-1.0.0.tgz",
      "integrity": "sha1-xB8vbDn8FtHNF61LXYlhFK5HDVU="
    },
    "source-map": {
      "version": "0.5.7",
      "resolved": "http://registry.npm.taobao.org/source-map/download/source-map-0.5.7.tgz",
      "integrity": "sha1-igOdLRAh0i0eoUyA2OpGi6LvP8w="
    },
    "ssri": {
      "version": "5.3.0",
      "resolved": "http://registry.npm.taobao.org/ssri/download/ssri-5.3.0.tgz",
      "integrity": "sha1-ujhyycbTOgcEp9cf8EXl7EiZnQY=",
      "requires": {
        "safe-buffer": "^5.1.1"
      }
    },
    "stream-each": {
      "version": "1.2.3",
      "resolved": "http://registry.npm.taobao.org/stream-each/download/stream-each-1.2.3.tgz",
      "integrity": "sha1-6+J6DDibBPvMIzZClS4Qcxr6m64=",
      "requires": {
        "end-of-stream": "^1.1.0",
        "stream-shift": "^1.0.0"
      }
    },
    "stream-shift": {
      "version": "1.0.0",
      "resolved": "http://registry.npm.taobao.org/stream-shift/download/stream-shift-1.0.0.tgz",
      "integrity": "sha1-1cdSgl5TZ+eG944Y5EXqIjoVWVI="
    },
    "string_decoder": {
      "version": "1.0.3",
      "resolved": "https://registry.npmjs.org/string_decoder/-/string_decoder-1.0.3.tgz",
      "integrity": "sha512-4AH6Z5fzNNBcH+6XDMfA/BTt87skxqJlO0lAh3Dker5zThcAxG6mKz+iGu308UKoPPQ8Dcqx/4JhujzltRa+hQ==",
      "requires": {
        "safe-buffer": "~5.1.0"
      }
    },
    "through": {
      "version": "2.3.8",
      "resolved": "http://registry.npm.taobao.org/through/download/through-2.3.8.tgz",
      "integrity": "sha1-DdTJ/6q8NXlgsbckEV1+Doai4fU="
    },
    "through2": {
      "version": "2.0.5",
      "resolved": "http://registry.npm.taobao.org/through2/download/through2-2.0.5.tgz",
      "integrity": "sha1-AcHjnrMdB8t9A6lqcIIyYLIxMs0=",
      "requires": {
        "readable-stream": "~2.3.6",
        "xtend": "~4.0.1"
      },
      "dependencies": {
        "process-nextick-args": {
          "version": "2.0.0",
          "resolved": "http://registry.npm.taobao.org/process-nextick-args/download/process-nextick-args-2.0.0.tgz",
          "integrity": "sha1-o31zL0JxtKsa0HDTVQjoKQeI/6o="
        },
        "readable-stream": {
          "version": "2.3.6",
          "resolved": "http://registry.npm.taobao.org/readable-stream/download/readable-stream-2.3.6.tgz",
          "integrity": "sha1-sRwn2IuP8fvgcGQ8+UsMea4bCq8=",
          "requires": {
            "core-util-is": "~1.0.0",
            "inherits": "~2.0.3",
            "isarray": "~1.0.0",
            "process-nextick-args": "~2.0.0",
            "safe-buffer": "~5.1.1",
            "string_decoder": "~1.1.1",
            "util-deprecate": "~1.0.1"
          }
        },
        "string_decoder": {
          "version": "1.1.1",
          "resolved": "http://registry.npm.taobao.org/string_decoder/download/string_decoder-1.1.1.tgz",
          "integrity": "sha1-nPFhG6YmhdcDCunkujQUnDrwP8g=",
          "requires": {
            "safe-buffer": "~5.1.0"
          }
        }
      }
    },
    "typedarray": {
      "version": "0.0.6",
      "resolved": "http://registry.npm.taobao.org/typedarray/download/typedarray-0.0.6.tgz",
      "integrity": "sha1-hnrHTjhkGHsdPUfZlqeOxciDB3c="
    },
    "uglify-js": {
      "version": "3.4.9",
      "resolved": "http://registry.npm.taobao.org/uglify-js/download/uglify-js-3.4.9.tgz",
      "integrity": "sha1-rwLxgMEgfXZDLkc+0koo9KeCuuM=",
      "requires": {
        "commander": "~2.17.1",
        "source-map": "~0.6.1"
      },
      "dependencies": {
        "source-map": {
          "version": "0.6.1",
          "resolved": "http://registry.npm.taobao.org/source-map/download/source-map-0.6.1.tgz",
          "integrity": "sha1-dHIq8y6WFOnCh6jQu95IteLxomM="
        }
      }
    },
    "uniq": {
      "version": "1.0.1",
      "resolved": "http://registry.npm.taobao.org/uniq/download/uniq-1.0.1.tgz",
      "integrity": "sha1-sxxa6CVIRKOoKBVBzisEuGWnNP8="
    },
    "unique-filename": {
      "version": "1.1.1",
      "resolved": "http://registry.npm.taobao.org/unique-filename/download/unique-filename-1.1.1.tgz",
      "integrity": "sha1-HWl2k2mtoFgxA6HmrodoG1ZXMjA=",
      "requires": {
        "unique-slug": "^2.0.0"
      }
    },
    "unique-slug": {
      "version": "2.0.1",
      "resolved": "http://registry.npm.taobao.org/unique-slug/download/unique-slug-2.0.1.tgz",
      "integrity": "sha1-Xp7cbRzo+yZNsYpQfvm9hURFHKY=",
      "requires": {
        "imurmurhash": "^0.1.4"
      }
    },
    "upper-case": {
      "version": "1.1.3",
      "resolved": "http://registry.npm.taobao.org/upper-case/download/upper-case-1.1.3.tgz",
      "integrity": "sha1-9rRQHC7EzdJrp4vnIilh3ndiFZg="
    },
    "util-deprecate": {
      "version": "1.0.2",
      "resolved": "https://registry.npmjs.org/util-deprecate/-/util-deprecate-1.0.2.tgz",
      "integrity": "sha1-RQ1Nyfpw3nMnYvvS1KKJgUGaDM8="
    },
    "wrappy": {
      "version": "1.0.2",
      "resolved": "https://registry.npmjs.org/wrappy/-/wrappy-1.0.2.tgz",
      "integrity": "sha1-tSQ9jz7BqjXxNkYFvA0QNuMKtp8="
    },
    "xtend": {
      "version": "4.0.1",
      "resolved": "http://registry.npm.taobao.org/xtend/download/xtend-4.0.1.tgz",
      "integrity": "sha1-pcbVMr5lbiPbgg77lDofBJmNY68="
    },
    "yallist": {
      "version": "2.1.2",
      "resolved": "https://registry.npmjs.org/yallist/-/yallist-2.1.2.tgz",
      "integrity": "sha1-HBH5IY8HYImkfdUS+TxmmaaoHVI="
    }
  }
}
